// !$*UTF8*$!
{
	archiveVersion = 1;
	classes = {
	};
	objectVersion = 77;
	objects = {

/* Begin PBXContainerItemProxy section */
		A48AB43C2DECEBF200E05CD0 /* PBXContainerItemProxy */ = {
			isa = PBXContainerItemProxy;
			containerPortal = A48AB4232DECEBF100E05CD0 /* Project object */;
			proxyType = 1;
			remoteGlobalIDString = A48AB42A2DECEBF100E05CD0;
			remoteInfo = Matchup;
		};
		A48AB4462DECEBF200E05CD0 /* PBXContainerItemProxy */ = {
			isa = PBXContainerItemProxy;
			containerPortal = A48AB4232DECEBF100E05CD0 /* Project object */;
			proxyType = 1;
			remoteGlobalIDString = A48AB42A2DECEBF100E05CD0;
			remoteInfo = Matchup;
		};
/* End PBXContainerItemProxy section */

/* Begin PBXFileReference section */
		A48AB42B2DECEBF100E05CD0 /* Matchup.app */ = {isa = PBXFileReference; explicitFileType = wrapper.application; includeInIndex = 0; path = Matchup.app; sourceTree = BUILT_PRODUCTS_DIR; };
		A48AB43B2DECEBF200E05CD0 /* MatchupTests.xctest */ = {isa = PBXFileReference; explicitFileType = wrapper.cfbundle; includeInIndex = 0; path = MatchupTests.xctest; sourceTree = BUILT_PRODUCTS_DIR; };
		A48AB4452DECEBF200E05CD0 /* MatchupUITests.xctest */ = {isa = PBXFileReference; explicitFileType = wrapper.cfbundle; includeInIndex = 0; path = MatchupUITests.xctest; sourceTree = BUILT_PRODUCTS_DIR; };
/* End PBXFileReference section */

/* Begin PBXFileSystemSynchronizedRootGroup section */
		A48AB42D2DECEBF100E05CD0 /* Matchup */ = {
			isa = PBXFileSystemSynchronizedRootGroup;
			path = Matchup;
			sourceTree = "<group>";
		};
		A48AB43E2DECEBF200E05CD0 /* MatchupTests */ = {
			isa = PBXFileSystemSynchronizedRootGroup;
			path = MatchupTests;
			sourceTree = "<group>";
		};
		A48AB4482DECEBF200E05CD0 /* MatchupUITests */ = {
			isa = PBXFileSystemSynchronizedRootGroup;
			path = MatchupUITests;
			sourceTree = "<group>";
		};
/* End PBXFileSystemSynchronizedRootGroup section */

/* Begin PBXFrameworksBuildPhase section */
		A48AB4282DECEBF100E05CD0 /* Frameworks */ = {
			isa = PBXFrameworksBuildPhase;
			buildActionMask = 2147483647;
			files = (
			);
			runOnlyForDeploymentPostprocessing = 0;
		};
		A48AB4382DECEBF200E05CD0 /* Frameworks */ = {
			isa = PBXFrameworksBuildPhase;
			buildActionMask = 2147483647;
			files = (
			);
			runOnlyForDeploymentPostprocessing = 0;
		};
		A48AB4422DECEBF200E05CD0 /* Frameworks */ = {
			isa = PBXFrameworksBuildPhase;
			buildActionMask = 2147483647;
			files = (
			);
			runOnlyForDeploymentPostprocessing = 0;
		};
/* End PBXFrameworksBuildPhase section */

/* Begin PBXGroup section */
		A48AB4222DECEBF100E05CD0 = {
			isa = PBXGroup;
			children = (
				A48AB42D2DECEBF100E05CD0 /* Matchup */,
				A48AB43E2DECEBF200E05CD0 /* MatchupTests */,
				A48AB4482DECEBF200E05CD0 /* MatchupUITests */,
				A48AB42C2DECEBF100E05CD0 /* Products */,
			);
			sourceTree = "<group>";
		};
		A48AB42C2DECEBF100E05CD0 /* Products */ = {
			isa = PBXGroup;
			children = (
				A48AB42B2DECEBF100E05CD0 /* Matchup.app */,
				A48AB43B2DECEBF200E05CD0 /* MatchupTests.xctest */,
				A48AB4452DECEBF200E05CD0 /* MatchupUITests.xctest */,
			);
			name = Products;
			sourceTree = "<group>";
		};
/* End PBXGroup section */

/* Begin PBXNativeTarget section */
		A48AB42A2DECEBF100E05CD0 /* Matchup */ = {
			isa = PBXNativeTarget;
			buildConfigurationList = A48AB44F2DECEBF200E05CD0 /* Build configuration list for PBXNativeTarget "Matchup" */;
			buildPhases = (
				A48AB4272DECEBF100E05CD0 /* Sources */,
				A48AB4282DECEBF100E05CD0 /* Frameworks */,
				A48AB4292DECEBF100E05CD0 /* Resources */,
			);
			buildRules = (
			);
			dependencies = (
			);
			fileSystemSynchronizedGroups = (
				A48AB42D2DECEBF100E05CD0 /* Matchup */,
			);
			name = Matchup;
			packageProductDependencies = (
			);
			productName = Matchup;
			productReference = A48AB42B2DECEBF100E05CD0 /* Matchup.app */;
			productType = "com.apple.product-type.application";
		};
		A48AB43A2DECEBF200E05CD0 /* MatchupTests */ = {
			isa = PBXNativeTarget;
			buildConfigurationList = A48AB4522DECEBF200E05CD0 /* Build configuration list for PBXNativeTarget "MatchupTests" */;
			buildPhases = (
				A48AB4372DECEBF200E05CD0 /* Sources */,
				A48AB4382DECEBF200E05CD0 /* Frameworks */,
				A48AB4392DECEBF200E05CD0 /* Resources */,
			);
			buildRules = (
			);
			dependencies = (
				A48AB43D2DECEBF200E05CD0 /* PBXTargetDependency */,
			);
			fileSystemSynchronizedGroups = (
				A48AB43E2DECEBF200E05CD0 /* MatchupTests */,
			);
			name = MatchupTests;
			packageProductDependencies = (
			);
			productName = MatchupTests;
			productReference = A48AB43B2DECEBF200E05CD0 /* MatchupTests.xctest */;
			productType = "com.apple.product-type.bundle.unit-test";
		};
		A48AB4442DECEBF200E05CD0 /* MatchupUITests */ = {
			isa = PBXNativeTarget;
			buildConfigurationList = A48AB4552DECEBF200E05CD0 /* Build configuration list for PBXNativeTarget "MatchupUITests" */;
			buildPhases = (
				A48AB4412DECEBF200E05CD0 /* Sources */,
				A48AB4422DECEBF200E05CD0 /* Frameworks */,
				A48AB4432DECEBF200E05CD0 /* Resources */,
			);
			buildRules = (
			);
			dependencies = (
				A48AB4472DECEBF200E05CD0 /* PBXTargetDependency */,
			);
			fileSystemSynchronizedGroups = (
				A48AB4482DECEBF200E05CD0 /* MatchupUITests */,
			);
			name = MatchupUITests;
			packageProductDependencies = (
			);
			productName = MatchupUITests;
			productReference = A48AB4452DECEBF200E05CD0 /* MatchupUITests.xctest */;
			productType = "com.apple.product-type.bundle.ui-testing";
		};
/* End PBXNativeTarget section */

/* Begin PBXProject section */
		A48AB4232DECEBF100E05CD0 /* Project object */ = {
			isa = PBXProject;
			attributes = {
				BuildIndependentTargetsInParallel = 1;
				LastSwiftUpdateCheck = 1600;
				LastUpgradeCheck = 1600;
				TargetAttributes = {
					A48AB42A2DECEBF100E05CD0 = {
						CreatedOnToolsVersion = 16.0;
					};
					A48AB43A2DECEBF200E05CD0 = {
						CreatedOnToolsVersion = 16.0;
						TestTargetID = A48AB42A2DECEBF100E05CD0;
					};
					A48AB4442DECEBF200E05CD0 = {
						CreatedOnToolsVersion = 16.0;
						TestTargetID = A48AB42A2DECEBF100E05CD0;
					};
				};
			};
			buildConfigurationList = A48AB4262DECEBF100E05CD0 /* Build configuration list for PBXProject "Matchup" */;
			developmentRegion = en;
			hasScannedForEncodings = 0;
			knownRegions = (
				en,
				Base,
			);
			mainGroup = A48AB4222DECEBF100E05CD0;
			minimizedProjectReferenceProxies = 1;
			preferredProjectObjectVersion = 77;
			productRefGroup = A48AB42C2DECEBF100E05CD0 /* Products */;
			projectDirPath = "";
			projectRoot = "";
			targets = (
				A48AB42A2DECEBF100E05CD0 /* Matchup */,
				A48AB43A2DECEBF200E05CD0 /* MatchupTests */,
				A48AB4442DECEBF200E05CD0 /* MatchupUITests */,
			);
		};
/* End PBXProject section */

/* Begin PBXResourcesBuildPhase section */
		A48AB4292DECEBF100E05CD0 /* Resources */ = {
			isa = PBXResourcesBuildPhase;
			buildActionMask = 2147483647;
			files = (
			);
			runOnlyForDeploymentPostprocessing = 0;
		};
		A48AB4392DECEBF200E05CD0 /* Resources */ = {
			isa = PBXResourcesBuildPhase;
			buildActionMask = 2147483647;
			files = (
			);
			runOnlyForDeploymentPostprocessing = 0;
		};
		A48AB4432DECEBF200E05CD0 /* Resources */ = {
			isa = PBXResourcesBuildPhase;
			buildActionMask = 2147483647;
			files = (
			);
			runOnlyForDeploymentPostprocessing = 0;
		};
/* End PBXResourcesBuildPhase section */

/* Begin PBXSourcesBuildPhase section */
		A48AB4272DECEBF100E05CD0 /* Sources */ = {
			isa = PBXSourcesBuildPhase;
			buildActionMask = 2147483647;
			files = (
			);
			runOnlyForDeploymentPostprocessing = 0;
		};
		A48AB4372DECEBF200E05CD0 /* Sources */ = {
			isa = PBXSourcesBuildPhase;
			buildActionMask = 2147483647;
			files = (
			);
			runOnlyForDeploymentPostprocessing = 0;
		};
		A48AB4412DECEBF200E05CD0 /* Sources */ = {
			isa = PBXSourcesBuildPhase;
			buildActionMask = 2147483647;
			files = (
			);
			runOnlyForDeploymentPostprocessing = 0;
		};
/* End PBXSourcesBuildPhase section */

/* Begin PBXTargetDependency section */
		A48AB43D2DECEBF200E05CD0 /* PBXTargetDependency */ = {
			isa = PBXTargetDependency;
			target = A48AB42A2DECEBF100E05CD0 /* Matchup */;
			targetProxy = A48AB43C2DECEBF200E05CD0 /* PBXContainerItemProxy */;
		};
		A48AB4472DECEBF200E05CD0 /* PBXTargetDependency */ = {
			isa = PBXTargetDependency;
			target = A48AB42A2DECEBF100E05CD0 /* Matchup */;
			targetProxy = A48AB4462DECEBF200E05CD0 /* PBXContainerItemProxy */;
		};
/* End PBXTargetDependency section */

/* Begin XCBuildConfiguration section */
		A48AB44D2DECEBF200E05CD0 /* Debug */ = {
			isa = XCBuildConfiguration;
			buildSettings = {
				ALWAYS_SEARCH_USER_PATHS = NO;
				ASSETCATALOG_COMPILER_GENERATE_SWIFT_ASSET_SYMBOL_EXTENSIONS = YES;
				CLANG_ANALYZER_NONNULL = YES;
				CLANG_ANALYZER_NUMBER_OBJECT_CONVERSION = YES_AGGRESSIVE;
				CLANG_CXX_LANGUAGE_STANDARD = "gnu++20";
				CLANG_ENABLE_MODULES = YES;
				CLANG_ENABLE_OBJC_ARC = YES;
				CLANG_ENABLE_OBJC_WEAK = YES;
				CLANG_WARN_BLOCK_CAPTURE_AUTORELEASING = YES;
				CLANG_WARN_BOOL_CONVERSION = YES;
				CLANG_WARN_COMMA = YES;
				CLANG_WARN_CONSTANT_CONVERSION = YES;
				CLANG_WARN_DEPRECATED_OBJC_IMPLEMENTATIONS = YES;
				CLANG_WARN_DIRECT_OBJC_ISA_USAGE = YES_ERROR;
				CLANG_WARN_DOCUMENTATION_COMMENTS = YES;
				CLANG_WARN_EMPTY_BODY = YES;
				CLANG_WARN_ENUM_CONVERSION = YES;
				CLANG_WARN_INFINITE_RECURSION = YES;
				CLANG_WARN_INT_CONVERSION = YES;
				CLANG_WARN_NON_LITERAL_NULL_CONVERSION = YES;
				CLANG_WARN_OBJC_IMPLICIT_RETAIN_SELF = YES;
				CLANG_WARN_OBJC_LITERAL_CONVERSION = YES;
				CLANG_WARN_OBJC_ROOT_CLASS = YES_ERROR;
				CLANG_WARN_QUOTED_INCLUDE_IN_FRAMEWORK_HEADER = YES;
				CLANG_WARN_RANGE_LOOP_ANALYSIS = YES;
				CLANG_WARN_STRICT_PROTOTYPES = YES;
				CLANG_WARN_SUSPICIOUS_MOVE = YES;
				CLANG_WARN_UNGUARDED_AVAILABILITY = YES_AGGRESSIVE;
				CLANG_WARN_UNREACHABLE_CODE = YES;
				CLANG_WARN__DUPLICATE_METHOD_MATCH = YES;
				COPY_PHASE_STRIP = NO;
				DEBUG_INFORMATION_FORMAT = dwarf;
				ENABLE_STRICT_OBJC_MSGSEND = YES;
				ENABLE_TESTABILITY = YES;
				ENABLE_USER_SCRIPT_SANDBOXING = YES;
				GCC_C_LANGUAGE_STANDARD = gnu17;
				GCC_DYNAMIC_NO_PIC = NO;
				GCC_NO_COMMON_BLOCKS = YES;
				GCC_OPTIMIZATION_LEVEL = 0;
				GCC_PREPROCESSOR_DEFINITIONS = (
					"DEBUG=1",
					"$(inherited)",
				);
				GCC_WARN_64_TO_32_BIT_CONVERSION = YES;
				GCC_WARN_ABOUT_RETURN_TYPE = YES_ERROR;
				GCC_WARN_UNDECLARED_SELECTOR = YES;
				GCC_WARN_UNINITIALIZED_AUTOS = YES_AGGRESSIVE;
				GCC_WARN_UNUSED_FUNCTION = YES;
				GCC_WARN_UNUSED_VARIABLE = YES;
				IPHONEOS_DEPLOYMENT_TARGET = 18.0;
				LOCALIZATION_PREFERS_STRING_CATALOGS = YES;
				MTL_ENABLE_DEBUG_INFO = INCLUDE_SOURCE;
				MTL_FAST_MATH = YES;
				ONLY_ACTIVE_ARCH = YES;
				SDKROOT = iphoneos;
				SWIFT_ACTIVE_COMPILATION_CONDITIONS = "DEBUG $(inherited)";
				SWIFT_OPTIMIZATION_LEVEL = "-Onone";
			};
			name = Debug;
		};
		A48AB44E2DECEBF200E05CD0 /* Release */ = {
			isa = XCBuildConfiguration;
			buildSettings = {
				ALWAYS_SEARCH_USER_PATHS = NO;
				ASSETCATALOG_COMPILER_GENERATE_SWIFT_ASSET_SYMBOL_EXTENSIONS = YES;
				CLANG_ANALYZER_NONNULL = YES;
				CLANG_ANALYZER_NUMBER_OBJECT_CONVERSION = YES_AGGRESSIVE;
				CLANG_CXX_LANGUAGE_STANDARD = "gnu++20";
				CLANG_ENABLE_MODULES = YES;
				CLANG_ENABLE_OBJC_ARC = YES;
				CLANG_ENABLE_OBJC_WEAK = YES;
				CLANG_WARN_BLOCK_CAPTURE_AUTORELEASING = YES;
				CLANG_WARN_BOOL_CONVERSION = YES;
				CLANG_WARN_COMMA = YES;
				CLANG_WARN_CONSTANT_CONVERSION = YES;
				CLANG_WARN_DEPRECATED_OBJC_IMPLEMENTATIONS = YES;
				CLANG_WARN_DIRECT_OBJC_ISA_USAGE = YES_ERROR;
				CLANG_WARN_DOCUMENTATION_COMMENTS = YES;
				CLANG_WARN_EMPTY_BODY = YES;
				CLANG_WARN_ENUM_CONVERSION = YES;
				CLANG_WARN_INFINITE_RECURSION = YES;
				CLANG_WARN_INT_CONVERSION = YES;
				CLANG_WARN_NON_LITERAL_NULL_CONVERSION = YES;
				CLANG_WARN_OBJC_IMPLICIT_RETAIN_SELF = YES;
				CLANG_WARN_OBJC_LITERAL_CONVERSION = YES;
				CLANG_WARN_OBJC_ROOT_CLASS = YES_ERROR;
				CLANG_WARN_QUOTED_INCLUDE_IN_FRAMEWORK_HEADER = YES;
				CLANG_WARN_RANGE_LOOP_ANALYSIS = YES;
				CLANG_WARN_STRICT_PROTOTYPES = YES;
				CLANG_WARN_SUSPICIOUS_MOVE = YES;
				CLANG_WARN_UNGUARDED_AVAILABILITY = YES_AGGRESSIVE;
				CLANG_WARN_UNREACHABLE_CODE = YES;
				CLANG_WARN__DUPLICATE_METHOD_MATCH = YES;
				COPY_PHASE_STRIP = NO;
				DEBUG_INFORMATION_FORMAT = "dwarf-with-dsym";
				ENABLE_NS_ASSERTIONS = NO;
				ENABLE_STRICT_OBJC_MSGSEND = YES;
				ENABLE_USER_SCRIPT_SANDBOXING = YES;
				GCC_C_LANGUAGE_STANDARD = gnu17;
				GCC_NO_COMMON_BLOCKS = YES;
				GCC_WARN_64_TO_32_BIT_CONVERSION = YES;
				GCC_WARN_ABOUT_RETURN_TYPE = YES_ERROR;
				GCC_WARN_UNDECLARED_SELECTOR = YES;
				GCC_WARN_UNINITIALIZED_AUTOS = YES_AGGRESSIVE;
				GCC_WARN_UNUSED_FUNCTION = YES;
				GCC_WARN_UNUSED_VARIABLE = YES;
				IPHONEOS_DEPLOYMENT_TARGET = 18.0;
				LOCALIZATION_PREFERS_STRING_CATALOGS = YES;
				MTL_ENABLE_DEBUG_INFO = NO;
				MTL_FAST_MATH = YES;
				SDKROOT = iphoneos;
				SWIFT_COMPILATION_MODE = wholemodule;
				VALIDATE_PRODUCT = YES;
			};
			name = Release;
		};
		A48AB4502DECEBF200E05CD0 /* Debug */ = {
			isa = XCBuildConfiguration;
			buildSettings = {
				ASSETCATALOG_COMPILER_APPICON_NAME = AppIcon;
				ASSETCATALOG_COMPILER_GLOBAL_ACCENT_COLOR_NAME = AccentColor;
				CODE_SIGN_STYLE = Automatic;
				CURRENT_PROJECT_VERSION = 1;
				DEVELOPMENT_ASSET_PATHS = "\"Matchup/Preview Content\"";
				DEVELOPMENT_TEAM = 55RMA559V3;
				ENABLE_PREVIEWS = YES;
				GENERATE_INFOPLIST_FILE = YES;
				INFOPLIST_KEY_UIApplicationSceneManifest_Generation = YES;
				INFOPLIST_KEY_UIApplicationSupportsIndirectInputEvents = YES;
				INFOPLIST_KEY_UILaunchScreen_Generation = YES;
				INFOPLIST_KEY_UISupportedInterfaceOrientations_iPad = "UIInterfaceOrientationPortrait UIInterfaceOrientationPortraitUpsideDown UIInterfaceOrientationLandscapeLeft UIInterfaceOrientationLandscapeRight";
				INFOPLIST_KEY_UISupportedInterfaceOrientations_iPhone = "UIInterfaceOrientationPortrait UIInterfaceOrientationLandscapeLeft UIInterfaceOrientationLandscapeRight";
				LD_RUNPATH_SEARCH_PATHS = (
					"$(inherited)",
					"@executable_path/Frameworks",
				);
				MARKETING_VERSION = 1.0;
				PRODUCT_BUNDLE_IDENTIFIER = yns.matchupv2;
				PRODUCT_NAME = "$(TARGET_NAME)";
				SWIFT_EMIT_LOC_STRINGS = YES;
				SWIFT_VERSION = 5.0;
				TARGETED_DEVICE_FAMILY = "1,2";
			};
			name = Debug;
		};
		A48AB4512DECEBF200E05CD0 /* Release */ = {
			isa = XCBuildConfiguration;
			buildSettings = {
				ASSETCATALOG_COMPILER_APPICON_NAME = AppIcon;
				ASSETCATALOG_COMPILER_GLOBAL_ACCENT_COLOR_NAME = AccentColor;
				CODE_SIGN_STYLE = Automatic;
				CURRENT_PROJECT_VERSION = 1;
				DEVELOPMENT_ASSET_PATHS = "\"Matchup/Preview Content\"";
				DEVELOPMENT_TEAM = 55RMA559V3;
				ENABLE_PREVIEWS = YES;
				GENERATE_INFOPLIST_FILE = YES;
				INFOPLIST_KEY_UIApplicationSceneManifest_Generation = YES;
				INFOPLIST_KEY_UIApplicationSupportsIndirectInputEvents = YES;
				INFOPLIST_KEY_UILaunchScreen_Generation = YES;
				INFOPLIST_KEY_UISupportedInterfaceOrientations_iPad = "UIInterfaceOrientationPortrait UIInterfaceOrientationPortraitUpsideDown UIInterfaceOrientationLandscapeLeft UIInterfaceOrientationLandscapeRight";
				INFOPLIST_KEY_UISupportedInterfaceOrientations_iPhone = "UIInterfaceOrientationPortrait UIInterfaceOrientationLandscapeLeft UIInterfaceOrientationLandscapeRight";
				LD_RUNPATH_SEARCH_PATHS = (
					"$(inherited)",
					"@executable_path/Frameworks",
				);
				MARKETING_VERSION = 1.0;
				PRODUCT_BUNDLE_IDENTIFIER = yns.matchupv2;
				PRODUCT_NAME = "$(TARGET_NAME)";
				SWIFT_EMIT_LOC_STRINGS = YES;
				SWIFT_VERSION = 5.0;
				TARGETED_DEVICE_FAMILY = "1,2";
			};
			name = Release;
		};
		A48AB4532DECEBF200E05CD0 /* Debug */ = {
			isa = XCBuildConfiguration;
			buildSettings = {
				BUNDLE_LOADER = "$(TEST_HOST)";
				CODE_SIGN_STYLE = Automatic;
				CURRENT_PROJECT_VERSION = 1;
				GENERATE_INFOPLIST_FILE = YES;
				IPHONEOS_DEPLOYMENT_TARGET = 18.0;
				MARKETING_VERSION = 1.0;
				PRODUCT_BUNDLE_IDENTIFIER = yns.MatchupTests;
				PRODUCT_NAME = "$(TARGET_NAME)";
				SWIFT_EMIT_LOC_STRINGS = NO;
				SWIFT_VERSION = 5.0;
				TARGETED_DEVICE_FAMILY = "1,2";
				TEST_HOST = "$(BUILT_PRODUCTS_DIR)/Matchup.app/$(BUNDLE_EXECUTABLE_FOLDER_PATH)/Matchup";
			};
			name = Debug;
		};
		A48AB4542DECEBF200E05CD0 /* Release */ = {
			isa = XCBuildConfiguration;
			buildSettings = {
				BUNDLE_LOADER = "$(TEST_HOST)";
				CODE_SIGN_STYLE = Automatic;
				CURRENT_PROJECT_VERSION = 1;
				GENERATE_INFOPLIST_FILE = YES;
				IPHONEOS_DEPLOYMENT_TARGET = 18.0;
				MARKETING_VERSION = 1.0;
				PRODUCT_BUNDLE_IDENTIFIER = yns.MatchupTests;
				PRODUCT_NAME = "$(TARGET_NAME)";
				SWIFT_EMIT_LOC_STRINGS = NO;
				SWIFT_VERSION = 5.0;
				TARGETED_DEVICE_FAMILY = "1,2";
				TEST_HOST = "$(BUILT_PRODUCTS_DIR)/Matchup.app/$(BUNDLE_EXECUTABLE_FOLDER_PATH)/Matchup";
			};
			name = Release;
		};
		A48AB4562DECEBF200E05CD0 /* Debug */ = {
			isa = XCBuildConfiguration;
			buildSettings = {
				CODE_SIGN_STYLE = Automatic;
				CURRENT_PROJECT_VERSION = 1;
				GENERATE_INFOPLIST_FILE = YES;
				MARKETING_VERSION = 1.0;
				PRODUCT_BUNDLE_IDENTIFIER = yns.MatchupUITests;
				PRODUCT_NAME = "$(TARGET_NAME)";
				SWIFT_EMIT_LOC_STRINGS = NO;
				SWIFT_VERSION = 5.0;
				TARGETED_DEVICE_FAMILY = "1,2";
				TEST_TARGET_NAME = Matchup;
			};
			name = Debug;
		};
		A48AB4572DECEBF200E05CD0 /* Release */ = {
			isa = XCBuildConfiguration;
			buildSettings = {
				CODE_SIGN_STYLE = Automatic;
				CURRENT_PROJECT_VERSION = 1;
				GENERATE_INFOPLIST_FILE = YES;
				MARKETING_VERSION = 1.0;
				PRODUCT_BUNDLE_IDENTIFIER = yns.MatchupUITests;
				PRODUCT_NAME = "$(TARGET_NAME)";
				SWIFT_EMIT_LOC_STRINGS = NO;
				SWIFT_VERSION = 5.0;
				TARGETED_DEVICE_FAMILY = "1,2";
				TEST_TARGET_NAME = Matchup;
			};
			name = Release;
		};
/* End XCBuildConfiguration section */

/* Begin XCConfigurationList section */
		A48AB4262DECEBF100E05CD0 /* Build configuration list for PBXProject "Matchup" */ = {
			isa = XCConfigurationList;
			buildConfigurations = (
				A48AB44D2DECEBF200E05CD0 /* Debug */,
				A48AB44E2DECEBF200E05CD0 /* Release */,
			);
			defaultConfigurationIsVisible = 0;
			defaultConfigurationName = Release;
		};
		A48AB44F2DECEBF200E05CD0 /* Build configuration list for PBXNativeTarget "Matchup" */ = {
			isa = XCConfigurationList;
			buildConfigurations = (
				A48AB4502DECEBF200E05CD0 /* Debug */,
				A48AB4512DECEBF200E05CD0 /* Release */,
			);
			defaultConfigurationIsVisible = 0;
			defaultConfigurationName = Release;
		};
		A48AB4522DECEBF200E05CD0 /* Build configuration list for PBXNativeTarget "MatchupTests" */ = {
			isa = XCConfigurationList;
			buildConfigurations = (
				A48AB4532DECEBF200E05CD0 /* Debug */,
				A48AB4542DECEBF200E05CD0 /* Release */,
			);
			defaultConfigurationIsVisible = 0;
			defaultConfigurationName = Release;
		};
		A48AB4552DECEBF200E05CD0 /* Build configuration list for PBXNativeTarget "MatchupUITests" */ = {
			isa = XCConfigurationList;
			buildConfigurations = (
				A48AB4562DECEBF200E05CD0 /* Debug */,
				A48AB4572DECEBF200E05CD0 /* Release */,
			);
			defaultConfigurationIsVisible = 0;
			defaultConfigurationName = Release;
		};
/* End XCConfigurationList section */
	};
	rootObject = A48AB4232DECEBF100E05CD0 /* Project object */;
}
